// !$*UTF8*$!
{
	archiveVersion = 1;
	classes = {
	};
	objectVersion = 55;
	objects = {

/* Begin PBXBuildFile section */
		CB7B71C5111A7858603DAA58 /* ImageFromAssetsView.swift in Sources */ = {isa = PBXBuildFile; fileRef = CB7B74ED745908CF47FE4887 /* ImageFromAssetsView.swift */; };
		CB7B71DA00F1D2CF570CFA89 /* MyXMLParser.swift in Sources */ = {isa = PBXBuildFile; fileRef = CB7B763F1ACEDD575183CAC9 /* MyXMLParser.swift */; };
		CB7B72E671C0DDB2DA3F4E6D /* ImageScaleView.swift in Sources */ = {isa = PBXBuildFile; fileRef = CB7B7683785B03D73741A1C2 /* ImageScaleView.swift */; };
		CB7B73944D68708D81A2F408 /* SubTitleLikeInput.swift in Sources */ = {isa = PBXBuildFile; fileRef = CB7B7D6E88E760EA91085FF9 /* SubTitleLikeInput.swift */; };
		CB7B74CC1F0B970FA3F3FAC6 /* ImageSelectView.swift in Sources */ = {isa = PBXBuildFile; fileRef = CB7B7009518AA3C01BBAA430 /* ImageSelectView.swift */; };
		CB7B74EE8958BF1785675502 /* TextFieldUsageView.swift in Sources */ = {isa = PBXBuildFile; fileRef = CB7B7A5CCCF7DCCC2F21DFA2 /* TextFieldUsageView.swift */; };
		CB7B75E581684D898A3A2866 /* ImageSlider.swift in Sources */ = {isa = PBXBuildFile; fileRef = CB7B78220DF462B52D3A0F28 /* ImageSlider.swift */; };
		CB7B77BC9D387E09D70E710A /* SheetOpenSample.swift in Sources */ = {isa = PBXBuildFile; fileRef = CB7B796F5A76A2EE7CDE4024 /* SheetOpenSample.swift */; };
		CB7B7966D1124484E8F6EAC8 /* RadioButtons.swift in Sources */ = {isa = PBXBuildFile; fileRef = CB7B77F93871A9493611CA7F /* RadioButtons.swift */; };
		CB7B7A5B69C42EC38331A652 /* XMLParserSampleView.swift in Sources */ = {isa = PBXBuildFile; fileRef = CB7B7E3519D11A67EA1857CE /* XMLParserSampleView.swift */; };
		CB7B7E62CB1AFA196597475E /* TextFieldContainer.swift in Sources */ = {isa = PBXBuildFile; fileRef = CB7B71D7BA2D5F12BCBF5C98 /* TextFieldContainer.swift */; };
		CB7B7F220E5B22E510FA5CE9 /* GestureView.swift in Sources */ = {isa = PBXBuildFile; fileRef = CB7B7511B6136F0CAB89481C /* GestureView.swift */; };
		E1660E4D27BA4CDD00F8BAE6 /* MySwiftUISamplesApp.swift in Sources */ = {isa = PBXBuildFile; fileRef = E1660E4C27BA4CDD00F8BAE6 /* MySwiftUISamplesApp.swift */; };
		E1660E4F27BA4CDD00F8BAE6 /* ContentView.swift in Sources */ = {isa = PBXBuildFile; fileRef = E1660E4E27BA4CDD00F8BAE6 /* ContentView.swift */; };
		E1660E5127BA4CDE00F8BAE6 /* Assets.xcassets in Resources */ = {isa = PBXBuildFile; fileRef = E1660E5027BA4CDE00F8BAE6 /* Assets.xcassets */; };
		E1660E5427BA4CDE00F8BAE6 /* Preview Assets.xcassets in Resources */ = {isa = PBXBuildFile; fileRef = E1660E5327BA4CDE00F8BAE6 /* Preview Assets.xcassets */; };
/* End PBXBuildFile section */

/* Begin PBXFileReference section */
		CB7B7009518AA3C01BBAA430 /* ImageSelectView.swift */ = {isa = PBXFileReference; fileEncoding = 4; lastKnownFileType = sourcecode.swift; path = ImageSelectView.swift; sourceTree = "<group>"; };
		CB7B71D7BA2D5F12BCBF5C98 /* TextFieldContainer.swift */ = {isa = PBXFileReference; fileEncoding = 4; lastKnownFileType = sourcecode.swift; path = TextFieldContainer.swift; sourceTree = "<group>"; };
		CB7B74ED745908CF47FE4887 /* ImageFromAssetsView.swift */ = {isa = PBXFileReference; fileEncoding = 4; lastKnownFileType = sourcecode.swift; path = ImageFromAssetsView.swift; sourceTree = "<group>"; };
		CB7B7511B6136F0CAB89481C /* GestureView.swift */ = {isa = PBXFileReference; fileEncoding = 4; lastKnownFileType = sourcecode.swift; path = GestureView.swift; sourceTree = "<group>"; };
		CB7B763F1ACEDD575183CAC9 /* MyXMLParser.swift */ = {isa = PBXFileReference; fileEncoding = 4; lastKnownFileType = sourcecode.swift; path = MyXMLParser.swift; sourceTree = "<group>"; };
		CB7B7683785B03D73741A1C2 /* ImageScaleView.swift */ = {isa = PBXFileReference; fileEncoding = 4; lastKnownFileType = sourcecode.swift; path = ImageScaleView.swift; sourceTree = "<group>"; };
		CB7B77F93871A9493611CA7F /* RadioButtons.swift */ = {isa = PBXFileReference; fileEncoding = 4; lastKnownFileType = sourcecode.swift; path = RadioButtons.swift; sourceTree = "<group>"; };
		CB7B78220DF462B52D3A0F28 /* ImageSlider.swift */ = {isa = PBXFileReference; fileEncoding = 4; lastKnownFileType = sourcecode.swift; path = ImageSlider.swift; sourceTree = "<group>"; };
		CB7B796F5A76A2EE7CDE4024 /* SheetOpenSample.swift */ = {isa = PBXFileReference; fileEncoding = 4; lastKnownFileType = sourcecode.swift; path = SheetOpenSample.swift; sourceTree = "<group>"; };
		CB7B7A5CCCF7DCCC2F21DFA2 /* TextFieldUsageView.swift */ = {isa = PBXFileReference; fileEncoding = 4; lastKnownFileType = sourcecode.swift; path = TextFieldUsageView.swift; sourceTree = "<group>"; };
		CB7B7D6E88E760EA91085FF9 /* SubTitleLikeInput.swift */ = {isa = PBXFileReference; fileEncoding = 4; lastKnownFileType = sourcecode.swift; path = SubTitleLikeInput.swift; sourceTree = "<group>"; };
		CB7B7E3519D11A67EA1857CE /* XMLParserSampleView.swift */ = {isa = PBXFileReference; fileEncoding = 4; lastKnownFileType = sourcecode.swift; path = XMLParserSampleView.swift; sourceTree = "<group>"; };
		E1660E4927BA4CDD00F8BAE6 /* MySwiftUISamples.app */ = {isa = PBXFileReference; explicitFileType = wrapper.application; includeInIndex = 0; path = MySwiftUISamples.app; sourceTree = BUILT_PRODUCTS_DIR; };
		E1660E4C27BA4CDD00F8BAE6 /* MySwiftUISamplesApp.swift */ = {isa = PBXFileReference; lastKnownFileType = sourcecode.swift; path = MySwiftUISamplesApp.swift; sourceTree = "<group>"; };
		E1660E4E27BA4CDD00F8BAE6 /* ContentView.swift */ = {isa = PBXFileReference; lastKnownFileType = sourcecode.swift; path = ContentView.swift; sourceTree = "<group>"; };
		E1660E5027BA4CDE00F8BAE6 /* Assets.xcassets */ = {isa = PBXFileReference; lastKnownFileType = folder.assetcatalog; path = Assets.xcassets; sourceTree = "<group>"; };
		E1660E5327BA4CDE00F8BAE6 /* Preview Assets.xcassets */ = {isa = PBXFileReference; lastKnownFileType = folder.assetcatalog; path = "Preview Assets.xcassets"; sourceTree = "<group>"; };
/* End PBXFileReference section */

/* Begin PBXFrameworksBuildPhase section */
		E1660E4627BA4CDD00F8BAE6 /* Frameworks */ = {
			isa = PBXFrameworksBuildPhase;
			buildActionMask = 2147483647;
			files = (
			);
			runOnlyForDeploymentPostprocessing = 0;
		};
/* End PBXFrameworksBuildPhase section */

/* Begin PBXGroup section */
		CB7B751ACC0DE5AB3A2AF9DB /* AppleSample */ = {
			isa = PBXGroup;
			children = (
				CB7B7511B6136F0CAB89481C /* GestureView.swift */,
			);
			path = AppleSample;
			sourceTree = "<group>";
		};
		CB7B76D317F30A752D400288 /* ImageSlider */ = {
			isa = PBXGroup;
			children = (
				CB7B78220DF462B52D3A0F28 /* ImageSlider.swift */,
			);
			path = ImageSlider;
			sourceTree = "<group>";
		};
		CB7B78C4C33882F5992CFC3A /* XMLParser */ = {
			isa = PBXGroup;
			children = (
				CB7B7E3519D11A67EA1857CE /* XMLParserSampleView.swift */,
				CB7B763F1ACEDD575183CAC9 /* MyXMLParser.swift */,
			);
			path = XMLParser;
			sourceTree = "<group>";
		};
		CB7B7A923F80D6B8D9EA3DEA /* StyleComponent */ = {
			isa = PBXGroup;
			children = (
				CB7B77F93871A9493611CA7F /* RadioButtons.swift */,
				CB7B7D6E88E760EA91085FF9 /* SubTitleLikeInput.swift */,
				CB7B796F5A76A2EE7CDE4024 /* SheetOpenSample.swift */,
			);
			path = StyleComponent;
			sourceTree = "<group>";
		};
		CB7B7DB26BC804136500ADDA /* TextFieldContainer */ = {
			isa = PBXGroup;
			children = (
				CB7B71D7BA2D5F12BCBF5C98 /* TextFieldContainer.swift */,
				CB7B7A5CCCF7DCCC2F21DFA2 /* TextFieldUsageView.swift */,
			);
			path = TextFieldContainer;
			sourceTree = "<group>";
		};
		CB7B7FDF0D68BF7D705894BA /* ImageScale */ = {
			isa = PBXGroup;
			children = (
				CB7B7683785B03D73741A1C2 /* ImageScaleView.swift */,
				CB7B74ED745908CF47FE4887 /* ImageFromAssetsView.swift */,
				CB7B7009518AA3C01BBAA430 /* ImageSelectView.swift */,
			);
			path = ImageScale;
			sourceTree = "<group>";
		};
		E1660E4027BA4CDD00F8BAE6 = {
			isa = PBXGroup;
			children = (
				E1660E4B27BA4CDD00F8BAE6 /* MySwiftUISamples */,
				E1660E4A27BA4CDD00F8BAE6 /* Products */,
			);
			sourceTree = "<group>";
		};
		E1660E4A27BA4CDD00F8BAE6 /* Products */ = {
			isa = PBXGroup;
			children = (
				E1660E4927BA4CDD00F8BAE6 /* MySwiftUISamples.app */,
			);
			name = Products;
			sourceTree = "<group>";
		};
		E1660E4B27BA4CDD00F8BAE6 /* MySwiftUISamples */ = {
			isa = PBXGroup;
			children = (
				E1660E4C27BA4CDD00F8BAE6 /* MySwiftUISamplesApp.swift */,
				E1660E4E27BA4CDD00F8BAE6 /* ContentView.swift */,
				E1660E5027BA4CDE00F8BAE6 /* Assets.xcassets */,
				E1660E5227BA4CDE00F8BAE6 /* Preview Content */,
				CB7B751ACC0DE5AB3A2AF9DB /* AppleSample */,
				CB7B7FDF0D68BF7D705894BA /* ImageScale */,
				CB7B7A923F80D6B8D9EA3DEA /* StyleComponent */,
				CB7B76D317F30A752D400288 /* ImageSlider */,
				CB7B78C4C33882F5992CFC3A /* XMLParser */,
				CB7B7DB26BC804136500ADDA /* TextFieldContainer */,
			);
			path = MySwiftUISamples;
			sourceTree = "<group>";
		};
		E1660E5227BA4CDE00F8BAE6 /* Preview Content */ = {
			isa = PBXGroup;
			children = (
				E1660E5327BA4CDE00F8BAE6 /* Preview Assets.xcassets */,
			);
			path = "Preview Content";
			sourceTree = "<group>";
		};
/* End PBXGroup section */

/* Begin PBXNativeTarget section */
		E1660E4827BA4CDD00F8BAE6 /* MySwiftUISamples */ = {
			isa = PBXNativeTarget;
			buildConfigurationList = E1660E5727BA4CDE00F8BAE6 /* Build configuration list for PBXNativeTarget "MySwiftUISamples" */;
			buildPhases = (
				E1660E4527BA4CDD00F8BAE6 /* Sources */,
				E1660E4627BA4CDD00F8BAE6 /* Frameworks */,
				E1660E4727BA4CDD00F8BAE6 /* Resources */,
			);
			buildRules = (
			);
			dependencies = (
			);
			name = MySwiftUISamples;
			productName = MySwiftUISamples;
			productReference = E1660E4927BA4CDD00F8BAE6 /* MySwiftUISamples.app */;
			productType = "com.apple.product-type.application";
		};
/* End PBXNativeTarget section */

/* Begin PBXProject section */
		E1660E4127BA4CDD00F8BAE6 /* Project object */ = {
			isa = PBXProject;
			attributes = {
				BuildIndependentTargetsInParallel = 1;
				LastSwiftUpdateCheck = 1320;
				LastUpgradeCheck = 1320;
				TargetAttributes = {
					E1660E4827BA4CDD00F8BAE6 = {
						CreatedOnToolsVersion = 13.2.1;
					};
				};
			};
			buildConfigurationList = E1660E4427BA4CDD00F8BAE6 /* Build configuration list for PBXProject "MySwiftUISamples" */;
			compatibilityVersion = "Xcode 13.0";
			developmentRegion = en;
			hasScannedForEncodings = 0;
			knownRegions = (
				en,
				Base,
			);
			mainGroup = E1660E4027BA4CDD00F8BAE6;
			productRefGroup = E1660E4A27BA4CDD00F8BAE6 /* Products */;
			projectDirPath = "";
			projectRoot = "";
			targets = (
				E1660E4827BA4CDD00F8BAE6 /* MySwiftUISamples */,
			);
		};
/* End PBXProject section */

/* Begin PBXResourcesBuildPhase section */
		E1660E4727BA4CDD00F8BAE6 /* Resources */ = {
			isa = PBXResourcesBuildPhase;
			buildActionMask = 2147483647;
			files = (
				E1660E5427BA4CDE00F8BAE6 /* Preview Assets.xcassets in Resources */,
				E1660E5127BA4CDE00F8BAE6 /* Assets.xcassets in Resources */,
			);
			runOnlyForDeploymentPostprocessing = 0;
		};
/* End PBXResourcesBuildPhase section */

/* Begin PBXSourcesBuildPhase section */
		E1660E4527BA4CDD00F8BAE6 /* Sources */ = {
			isa = PBXSourcesBuildPhase;
			buildActionMask = 2147483647;
			files = (
				E1660E4F27BA4CDD00F8BAE6 /* ContentView.swift in Sources */,
				E1660E4D27BA4CDD00F8BAE6 /* MySwiftUISamplesApp.swift in Sources */,
				CB7B7F220E5B22E510FA5CE9 /* GestureView.swift in Sources */,
				CB7B72E671C0DDB2DA3F4E6D /* ImageScaleView.swift in Sources */,
				CB7B71C5111A7858603DAA58 /* ImageFromAssetsView.swift in Sources */,
				CB7B74CC1F0B970FA3F3FAC6 /* ImageSelectView.swift in Sources */,
				CB7B7966D1124484E8F6EAC8 /* RadioButtons.swift in Sources */,
				CB7B73944D68708D81A2F408 /* SubTitleLikeInput.swift in Sources */,
				CB7B77BC9D387E09D70E710A /* SheetOpenSample.swift in Sources */,
				CB7B75E581684D898A3A2866 /* ImageSlider.swift in Sources */,
				CB7B7A5B69C42EC38331A652 /* XMLParserSampleView.swift in Sources */,
				CB7B71DA00F1D2CF570CFA89 /* MyXMLParser.swift in Sources */,
				CB7B7E62CB1AFA196597475E /* TextFieldContainer.swift in Sources */,
				CB7B74EE8958BF1785675502 /* TextFieldUsageView.swift in Sources */,
			);
			runOnlyForDeploymentPostprocessing = 0;
		};
/* End PBXSourcesBuildPhase section */

/* Begin XCBuildConfiguration section */
		E1660E5527BA4CDE00F8BAE6 /* Debug */ = {
			isa = XCBuildConfiguration;
			buildSettings = {
				ALWAYS_SEARCH_USER_PATHS = NO;
				CLANG_ANALYZER_NONNULL = YES;
				CLANG_ANALYZER_NUMBER_OBJECT_CONVERSION = YES_AGGRESSIVE;
				CLANG_CXX_LANGUAGE_STANDARD = "gnu++17";
				CLANG_CXX_LIBRARY = "libc++";
				CLANG_ENABLE_MODULES = YES;
				CLANG_ENABLE_OBJC_ARC = YES;
				CLANG_ENABLE_OBJC_WEAK = YES;
				CLANG_WARN_BLOCK_CAPTURE_AUTORELEASING = YES;
				CLANG_WARN_BOOL_CONVERSION = YES;
				CLANG_WARN_COMMA = YES;
				CLANG_WARN_CONSTANT_CONVERSION = YES;
				CLANG_WARN_DEPRECATED_OBJC_IMPLEMENTATIONS = YES;
				CLANG_WARN_DIRECT_OBJC_ISA_USAGE = YES_ERROR;
				CLANG_WARN_DOCUMENTATION_COMMENTS = YES;
				CLANG_WARN_EMPTY_BODY = YES;
				CLANG_WARN_ENUM_CONVERSION = YES;
				CLANG_WARN_INFINITE_RECURSION = YES;
				CLANG_WARN_INT_CONVERSION = YES;
				CLANG_WARN_NON_LITERAL_NULL_CONVERSION = YES;
				CLANG_WARN_OBJC_IMPLICIT_RETAIN_SELF = YES;
				CLANG_WARN_OBJC_LITERAL_CONVERSION = YES;
				CLANG_WARN_OBJC_ROOT_CLASS = YES_ERROR;
				CLANG_WARN_QUOTED_INCLUDE_IN_FRAMEWORK_HEADER = YES;
				CLANG_WARN_RANGE_LOOP_ANALYSIS = YES;
				CLANG_WARN_STRICT_PROTOTYPES = YES;
				CLANG_WARN_SUSPICIOUS_MOVE = YES;
				CLANG_WARN_UNGUARDED_AVAILABILITY = YES_AGGRESSIVE;
				CLANG_WARN_UNREACHABLE_CODE = YES;
				CLANG_WARN__DUPLICATE_METHOD_MATCH = YES;
				COPY_PHASE_STRIP = NO;
				DEBUG_INFORMATION_FORMAT = dwarf;
				ENABLE_STRICT_OBJC_MSGSEND = YES;
				ENABLE_TESTABILITY = YES;
				GCC_C_LANGUAGE_STANDARD = gnu11;
				GCC_DYNAMIC_NO_PIC = NO;
				GCC_NO_COMMON_BLOCKS = YES;
				GCC_OPTIMIZATION_LEVEL = 0;
				GCC_PREPROCESSOR_DEFINITIONS = (
					"DEBUG=1",
					"$(inherited)",
				);
				GCC_WARN_64_TO_32_BIT_CONVERSION = YES;
				GCC_WARN_ABOUT_RETURN_TYPE = YES_ERROR;
				GCC_WARN_UNDECLARED_SELECTOR = YES;
				GCC_WARN_UNINITIALIZED_AUTOS = YES_AGGRESSIVE;
				GCC_WARN_UNUSED_FUNCTION = YES;
				GCC_WARN_UNUSED_VARIABLE = YES;
				IPHONEOS_DEPLOYMENT_TARGET = 15.2;
				MTL_ENABLE_DEBUG_INFO = INCLUDE_SOURCE;
				MTL_FAST_MATH = YES;
				ONLY_ACTIVE_ARCH = YES;
				SDKROOT = iphoneos;
				SWIFT_ACTIVE_COMPILATION_CONDITIONS = DEBUG;
				SWIFT_OPTIMIZATION_LEVEL = "-Onone";
			};
			name = Debug;
		};
		E1660E5627BA4CDE00F8BAE6 /* Release */ = {
			isa = XCBuildConfiguration;
			buildSettings = {
				ALWAYS_SEARCH_USER_PATHS = NO;
				CLANG_ANALYZER_NONNULL = YES;
				CLANG_ANALYZER_NUMBER_OBJECT_CONVERSION = YES_AGGRESSIVE;
				CLANG_CXX_LANGUAGE_STANDARD = "gnu++17";
				CLANG_CXX_LIBRARY = "libc++";
				CLANG_ENABLE_MODULES = YES;
				CLANG_ENABLE_OBJC_ARC = YES;
				CLANG_ENABLE_OBJC_WEAK = YES;
				CLANG_WARN_BLOCK_CAPTURE_AUTORELEASING = YES;
				CLANG_WARN_BOOL_CONVERSION = YES;
				CLANG_WARN_COMMA = YES;
				CLANG_WARN_CONSTANT_CONVERSION = YES;
				CLANG_WARN_DEPRECATED_OBJC_IMPLEMENTATIONS = YES;
				CLANG_WARN_DIRECT_OBJC_ISA_USAGE = YES_ERROR;
				CLANG_WARN_DOCUMENTATION_COMMENTS = YES;
				CLANG_WARN_EMPTY_BODY = YES;
				CLANG_WARN_ENUM_CONVERSION = YES;
				CLANG_WARN_INFINITE_RECURSION = YES;
				CLANG_WARN_INT_CONVERSION = YES;
				CLANG_WARN_NON_LITERAL_NULL_CONVERSION = YES;
				CLANG_WARN_OBJC_IMPLICIT_RETAIN_SELF = YES;
				CLANG_WARN_OBJC_LITERAL_CONVERSION = YES;
				CLANG_WARN_OBJC_ROOT_CLASS = YES_ERROR;
				CLANG_WARN_QUOTED_INCLUDE_IN_FRAMEWORK_HEADER = YES;
				CLANG_WARN_RANGE_LOOP_ANALYSIS = YES;
				CLANG_WARN_STRICT_PROTOTYPES = YES;
				CLANG_WARN_SUSPICIOUS_MOVE = YES;
				CLANG_WARN_UNGUARDED_AVAILABILITY = YES_AGGRESSIVE;
				CLANG_WARN_UNREACHABLE_CODE = YES;
				CLANG_WARN__DUPLICATE_METHOD_MATCH = YES;
				COPY_PHASE_STRIP = NO;
				DEBUG_INFORMATION_FORMAT = "dwarf-with-dsym";
				ENABLE_NS_ASSERTIONS = NO;
				ENABLE_STRICT_OBJC_MSGSEND = YES;
				GCC_C_LANGUAGE_STANDARD = gnu11;
				GCC_NO_COMMON_BLOCKS = YES;
				GCC_WARN_64_TO_32_BIT_CONVERSION = YES;
				GCC_WARN_ABOUT_RETURN_TYPE = YES_ERROR;
				GCC_WARN_UNDECLARED_SELECTOR = YES;
				GCC_WARN_UNINITIALIZED_AUTOS = YES_AGGRESSIVE;
				GCC_WARN_UNUSED_FUNCTION = YES;
				GCC_WARN_UNUSED_VARIABLE = YES;
				IPHONEOS_DEPLOYMENT_TARGET = 15.2;
				MTL_ENABLE_DEBUG_INFO = NO;
				MTL_FAST_MATH = YES;
				SDKROOT = iphoneos;
				SWIFT_COMPILATION_MODE = wholemodule;
				SWIFT_OPTIMIZATION_LEVEL = "-O";
				VALIDATE_PRODUCT = YES;
			};
			name = Release;
		};
		E1660E5827BA4CDE00F8BAE6 /* Debug */ = {
			isa = XCBuildConfiguration;
			buildSettings = {
				ASSETCATALOG_COMPILER_APPICON_NAME = AppIcon;
				ASSETCATALOG_COMPILER_GLOBAL_ACCENT_COLOR_NAME = AccentColor;
				CODE_SIGN_STYLE = Automatic;
				CURRENT_PROJECT_VERSION = 1;
				DEVELOPMENT_ASSET_PATHS = "\"MySwiftUISamples/Preview Content\"";
				DEVELOPMENT_TEAM = 95FLA3J62X;
				ENABLE_PREVIEWS = YES;
				GENERATE_INFOPLIST_FILE = YES;
				INFOPLIST_FILE = "";
				INFOPLIST_KEY_LSApplicationCategoryType = "";
				INFOPLIST_KEY_UIApplicationSceneManifest_Generation = YES;
				INFOPLIST_KEY_UIApplicationSupportsIndirectInputEvents = YES;
				INFOPLIST_KEY_UILaunchScreen_Generation = YES;
				INFOPLIST_KEY_UISupportedInterfaceOrientations_iPad = "UIInterfaceOrientationPortrait UIInterfaceOrientationPortraitUpsideDown UIInterfaceOrientationLandscapeLeft UIInterfaceOrientationLandscapeRight";
				INFOPLIST_KEY_UISupportedInterfaceOrientations_iPhone = "UIInterfaceOrientationPortrait UIInterfaceOrientationLandscapeLeft UIInterfaceOrientationLandscapeRight";
				IPHONEOS_DEPLOYMENT_TARGET = 15.4;
				LD_RUNPATH_SEARCH_PATHS = (
					"$(inherited)",
					"@executable_path/Frameworks",
				);
				MARKETING_VERSION = 1.0;
				PRODUCT_BUNDLE_IDENTIFIER = takumioda.MySwiftUISamples;
				PRODUCT_NAME = "$(TARGET_NAME)";
				SWIFT_EMIT_LOC_STRINGS = YES;
				SWIFT_VERSION = 5.0;
				TARGETED_DEVICE_FAMILY = 1;
			};
			name = Debug;
		};
		E1660E5927BA4CDE00F8BAE6 /* Release */ = {
			isa = XCBuildConfiguration;
			buildSettings = {
				ASSETCATALOG_COMPILER_APPICON_NAME = AppIcon;
				ASSETCATALOG_COMPILER_GLOBAL_ACCENT_COLOR_NAME = AccentColor;
				CODE_SIGN_STYLE = Automatic;
				CURRENT_PROJECT_VERSION = 1;
				DEVELOPMENT_ASSET_PATHS = "\"MySwiftUISamples/Preview Content\"";
				DEVELOPMENT_TEAM = 95FLA3J62X;
				ENABLE_PREVIEWS = YES;
				GENERATE_INFOPLIST_FILE = YES;
				INFOPLIST_FILE = "";
				INFOPLIST_KEY_LSApplicationCategoryType = "";
				INFOPLIST_KEY_UIApplicationSceneManifest_Generation = YES;
				INFOPLIST_KEY_UIApplicationSupportsIndirectInputEvents = YES;
				INFOPLIST_KEY_UILaunchScreen_Generation = YES;
				INFOPLIST_KEY_UISupportedInterfaceOrientations_iPad = "UIInterfaceOrientationPortrait UIInterfaceOrientationPortraitUpsideDown UIInterfaceOrientationLandscapeLeft UIInterfaceOrientationLandscapeRight";
				INFOPLIST_KEY_UISupportedInterfaceOrientations_iPhone = "UIInterfaceOrientationPortrait UIInterfaceOrientationLandscapeLeft UIInterfaceOrientationLandscapeRight";
				IPHONEOS_DEPLOYMENT_TARGET = 15.4;
				LD_RUNPATH_SEARCH_PATHS = (
					"$(inherited)",
					"@executable_path/Frameworks",
				);
				MARKETING_VERSION = 1.0;
				PRODUCT_BUNDLE_IDENTIFIER = takumioda.MySwiftUISamples;
				PRODUCT_NAME = "$(TARGET_NAME)";
				SWIFT_EMIT_LOC_STRINGS = YES;
				SWIFT_VERSION = 5.0;
				TARGETED_DEVICE_FAMILY = 1;
			};
			name = Release;
		};
/* End XCBuildConfiguration section */

/* Begin XCConfigurationList section */
		E1660E4427BA4CDD00F8BAE6 /* Build configuration list for PBXProject "MySwiftUISamples" */ = {
			isa = XCConfigurationList;
			buildConfigurations = (
				E1660E5527BA4CDE00F8BAE6 /* Debug */,
				E1660E5627BA4CDE00F8BAE6 /* Release */,
			);
			defaultConfigurationIsVisible = 0;
			defaultConfigurationName = Release;
		};
		E1660E5727BA4CDE00F8BAE6 /* Build configuration list for PBXNativeTarget "MySwiftUISamples" */ = {
			isa = XCConfigurationList;
			buildConfigurations = (
				E1660E5827BA4CDE00F8BAE6 /* Debug */,
				E1660E5927BA4CDE00F8BAE6 /* Release */,
			);
			defaultConfigurationIsVisible = 0;
			defaultConfigurationName = Release;
		};
/* End XCConfigurationList section */
	};
	rootObject = E1660E4127BA4CDD00F8BAE6 /* Project object */;
}
